// !$*UTF8*$!
{
	archiveVersion = 1;
	classes = {
	};
	objectVersion = 77;
	objects = {

/* Begin PBXBuildFile section */
		1E2755FA2D96A922009F9156 /* FirebaseAnalytics in Frameworks */ = {isa = PBXBuildFile; productRef = 1E2755F92D96A922009F9156 /* FirebaseAnalytics */; };
		1E2755FC2D96A922009F9156 /* FirebaseAuth in Frameworks */ = {isa = PBXBuildFile; productRef = 1E2755FB2D96A922009F9156 /* FirebaseAuth */; };
		1E2755FE2D96A922009F9156 /* FirebaseCore in Frameworks */ = {isa = PBXBuildFile; productRef = 1E2755FD2D96A922009F9156 /* FirebaseCore */; };
		1E2756382D96AB4A009F9156 /* FirebaseFirestore in Frameworks */ = {isa = PBXBuildFile; productRef = 1E2756372D96AB4A009F9156 /* FirebaseFirestore */; };
/* End PBXBuildFile section */

/* Begin PBXContainerItemProxy section */
		1E84D7A52D88A9A400FEFD9C /* PBXContainerItemProxy */ = {
			isa = PBXContainerItemProxy;
			containerPortal = 1E84D78C2D88A9A300FEFD9C /* Project object */;
			proxyType = 1;
			remoteGlobalIDString = 1E84D7932D88A9A300FEFD9C;
			remoteInfo = MoviesSwiftUI;
		};
		1E84D7AF2D88A9A400FEFD9C /* PBXContainerItemProxy */ = {
			isa = PBXContainerItemProxy;
			containerPortal = 1E84D78C2D88A9A300FEFD9C /* Project object */;
			proxyType = 1;
			remoteGlobalIDString = 1E84D7932D88A9A300FEFD9C;
			remoteInfo = MoviesSwiftUI;
		};
/* End PBXContainerItemProxy section */

/* Begin PBXFileReference section */
		1E84D7942D88A9A300FEFD9C /* MoviesSwiftUI.app */ = {isa = PBXFileReference; explicitFileType = wrapper.application; includeInIndex = 0; path = MoviesSwiftUI.app; sourceTree = BUILT_PRODUCTS_DIR; };
		1E84D7A42D88A9A400FEFD9C /* MoviesSwiftUITests.xctest */ = {isa = PBXFileReference; explicitFileType = wrapper.cfbundle; includeInIndex = 0; path = MoviesSwiftUITests.xctest; sourceTree = BUILT_PRODUCTS_DIR; };
		1E84D7AE2D88A9A400FEFD9C /* MoviesSwiftUIUITests.xctest */ = {isa = PBXFileReference; explicitFileType = wrapper.cfbundle; includeInIndex = 0; path = MoviesSwiftUIUITests.xctest; sourceTree = BUILT_PRODUCTS_DIR; };
/* End PBXFileReference section */

/* Begin PBXFileSystemSynchronizedRootGroup section */
		1E84D7962D88A9A300FEFD9C /* MoviesSwiftUI */ = {
			isa = PBXFileSystemSynchronizedRootGroup;
			path = MoviesSwiftUI;
			sourceTree = "<group>";
		};
		1E84D7A72D88A9A400FEFD9C /* MoviesSwiftUITests */ = {
			isa = PBXFileSystemSynchronizedRootGroup;
			path = MoviesSwiftUITests;
			sourceTree = "<group>";
		};
		1E84D7B12D88A9A400FEFD9C /* MoviesSwiftUIUITests */ = {
			isa = PBXFileSystemSynchronizedRootGroup;
			path = MoviesSwiftUIUITests;
			sourceTree = "<group>";
		};
/* End PBXFileSystemSynchronizedRootGroup section */

/* Begin PBXFrameworksBuildPhase section */
		1E84D7912D88A9A300FEFD9C /* Frameworks */ = {
			isa = PBXFrameworksBuildPhase;
			buildActionMask = 2147483647;
			files = (
				1E2755FA2D96A922009F9156 /* FirebaseAnalytics in Frameworks */,
				1E2756382D96AB4A009F9156 /* FirebaseFirestore in Frameworks */,
				1E2755FE2D96A922009F9156 /* FirebaseCore in Frameworks */,
				1E2755FC2D96A922009F9156 /* FirebaseAuth in Frameworks */,
			);
			runOnlyForDeploymentPostprocessing = 0;
		};
		1E84D7A12D88A9A400FEFD9C /* Frameworks */ = {
			isa = PBXFrameworksBuildPhase;
			buildActionMask = 2147483647;
			files = (
			);
			runOnlyForDeploymentPostprocessing = 0;
		};
		1E84D7AB2D88A9A400FEFD9C /* Frameworks */ = {
			isa = PBXFrameworksBuildPhase;
			buildActionMask = 2147483647;
			files = (
			);
			runOnlyForDeploymentPostprocessing = 0;
		};
/* End PBXFrameworksBuildPhase section */

/* Begin PBXGroup section */
		1E2756362D96AB4A009F9156 /* Frameworks */ = {
			isa = PBXGroup;
			children = (
			);
			name = Frameworks;
			sourceTree = "<group>";
		};
		1E84D78B2D88A9A300FEFD9C = {
			isa = PBXGroup;
			children = (
				1E84D7962D88A9A300FEFD9C /* MoviesSwiftUI */,
				1E84D7A72D88A9A400FEFD9C /* MoviesSwiftUITests */,
				1E84D7B12D88A9A400FEFD9C /* MoviesSwiftUIUITests */,
				1E2756362D96AB4A009F9156 /* Frameworks */,
				1E84D7952D88A9A300FEFD9C /* Products */,
			);
			sourceTree = "<group>";
		};
		1E84D7952D88A9A300FEFD9C /* Products */ = {
			isa = PBXGroup;
			children = (
				1E84D7942D88A9A300FEFD9C /* MoviesSwiftUI.app */,
				1E84D7A42D88A9A400FEFD9C /* MoviesSwiftUITests.xctest */,
				1E84D7AE2D88A9A400FEFD9C /* MoviesSwiftUIUITests.xctest */,
			);
			name = Products;
			sourceTree = "<group>";
		};
/* End PBXGroup section */

/* Begin PBXNativeTarget section */
		1E84D7932D88A9A300FEFD9C /* MoviesSwiftUI */ = {
			isa = PBXNativeTarget;
			buildConfigurationList = 1E84D7B82D88A9A400FEFD9C /* Build configuration list for PBXNativeTarget "MoviesSwiftUI" */;
			buildPhases = (
				1E84D7902D88A9A300FEFD9C /* Sources */,
				1E84D7912D88A9A300FEFD9C /* Frameworks */,
				1E84D7922D88A9A300FEFD9C /* Resources */,
			);
			buildRules = (
			);
			dependencies = (
			);
			fileSystemSynchronizedGroups = (
				1E84D7962D88A9A300FEFD9C /* MoviesSwiftUI */,
			);
			name = MoviesSwiftUI;
			packageProductDependencies = (
				1E2755F92D96A922009F9156 /* FirebaseAnalytics */,
				1E2755FB2D96A922009F9156 /* FirebaseAuth */,
				1E2755FD2D96A922009F9156 /* FirebaseCore */,
				1E2756372D96AB4A009F9156 /* FirebaseFirestore */,
			);
			productName = MoviesSwiftUI;
			productReference = 1E84D7942D88A9A300FEFD9C /* MoviesSwiftUI.app */;
			productType = "com.apple.product-type.application";
		};
		1E84D7A32D88A9A400FEFD9C /* MoviesSwiftUITests */ = {
			isa = PBXNativeTarget;
			buildConfigurationList = 1E84D7BB2D88A9A400FEFD9C /* Build configuration list for PBXNativeTarget "MoviesSwiftUITests" */;
			buildPhases = (
				1E84D7A02D88A9A400FEFD9C /* Sources */,
				1E84D7A12D88A9A400FEFD9C /* Frameworks */,
				1E84D7A22D88A9A400FEFD9C /* Resources */,
			);
			buildRules = (
			);
			dependencies = (
				1E84D7A62D88A9A400FEFD9C /* PBXTargetDependency */,
			);
			fileSystemSynchronizedGroups = (
				1E84D7A72D88A9A400FEFD9C /* MoviesSwiftUITests */,
			);
			name = MoviesSwiftUITests;
			packageProductDependencies = (
			);
			productName = MoviesSwiftUITests;
			productReference = 1E84D7A42D88A9A400FEFD9C /* MoviesSwiftUITests.xctest */;
			productType = "com.apple.product-type.bundle.unit-test";
		};
		1E84D7AD2D88A9A400FEFD9C /* MoviesSwiftUIUITests */ = {
			isa = PBXNativeTarget;
			buildConfigurationList = 1E84D7BE2D88A9A400FEFD9C /* Build configuration list for PBXNativeTarget "MoviesSwiftUIUITests" */;
			buildPhases = (
				1E84D7AA2D88A9A400FEFD9C /* Sources */,
				1E84D7AB2D88A9A400FEFD9C /* Frameworks */,
				1E84D7AC2D88A9A400FEFD9C /* Resources */,
			);
			buildRules = (
			);
			dependencies = (
				1E84D7B02D88A9A400FEFD9C /* PBXTargetDependency */,
			);
			fileSystemSynchronizedGroups = (
				1E84D7B12D88A9A400FEFD9C /* MoviesSwiftUIUITests */,
			);
			name = MoviesSwiftUIUITests;
			packageProductDependencies = (
			);
			productName = MoviesSwiftUIUITests;
			productReference = 1E84D7AE2D88A9A400FEFD9C /* MoviesSwiftUIUITests.xctest */;
			productType = "com.apple.product-type.bundle.ui-testing";
		};
/* End PBXNativeTarget section */

/* Begin PBXProject section */
		1E84D78C2D88A9A300FEFD9C /* Project object */ = {
			isa = PBXProject;
			attributes = {
				BuildIndependentTargetsInParallel = 1;
				LastSwiftUpdateCheck = 1610;
				LastUpgradeCheck = 1610;
				TargetAttributes = {
					1E84D7932D88A9A300FEFD9C = {
						CreatedOnToolsVersion = 16.1;
					};
					1E84D7A32D88A9A400FEFD9C = {
						CreatedOnToolsVersion = 16.1;
						TestTargetID = 1E84D7932D88A9A300FEFD9C;
					};
					1E84D7AD2D88A9A400FEFD9C = {
						CreatedOnToolsVersion = 16.1;
						TestTargetID = 1E84D7932D88A9A300FEFD9C;
					};
				};
			};
			buildConfigurationList = 1E84D78F2D88A9A300FEFD9C /* Build configuration list for PBXProject "MoviesSwiftUI" */;
			developmentRegion = en;
			hasScannedForEncodings = 0;
			knownRegions = (
				en,
				Base,
			);
			mainGroup = 1E84D78B2D88A9A300FEFD9C;
			minimizedProjectReferenceProxies = 1;
			packageReferences = (
				1E2755F82D96A922009F9156 /* XCRemoteSwiftPackageReference "firebase-ios-sdk" */,
			);
			preferredProjectObjectVersion = 77;
			productRefGroup = 1E84D7952D88A9A300FEFD9C /* Products */;
			projectDirPath = "";
			projectRoot = "";
			targets = (
				1E84D7932D88A9A300FEFD9C /* MoviesSwiftUI */,
				1E84D7A32D88A9A400FEFD9C /* MoviesSwiftUITests */,
				1E84D7AD2D88A9A400FEFD9C /* MoviesSwiftUIUITests */,
			);
		};
/* End PBXProject section */

/* Begin PBXResourcesBuildPhase section */
		1E84D7922D88A9A300FEFD9C /* Resources */ = {
			isa = PBXResourcesBuildPhase;
			buildActionMask = 2147483647;
			files = (
			);
			runOnlyForDeploymentPostprocessing = 0;
		};
		1E84D7A22D88A9A400FEFD9C /* Resources */ = {
			isa = PBXResourcesBuildPhase;
			buildActionMask = 2147483647;
			files = (
			);
			runOnlyForDeploymentPostprocessing = 0;
		};
		1E84D7AC2D88A9A400FEFD9C /* Resources */ = {
			isa = PBXResourcesBuildPhase;
			buildActionMask = 2147483647;
			files = (
			);
			runOnlyForDeploymentPostprocessing = 0;
		};
/* End PBXResourcesBuildPhase section */

/* Begin PBXSourcesBuildPhase section */
		1E84D7902D88A9A300FEFD9C /* Sources */ = {
			isa = PBXSourcesBuildPhase;
			buildActionMask = 2147483647;
			files = (
			);
			runOnlyForDeploymentPostprocessing = 0;
		};
		1E84D7A02D88A9A400FEFD9C /* Sources */ = {
			isa = PBXSourcesBuildPhase;
			buildActionMask = 2147483647;
			files = (
			);
			runOnlyForDeploymentPostprocessing = 0;
		};
		1E84D7AA2D88A9A400FEFD9C /* Sources */ = {
			isa = PBXSourcesBuildPhase;
			buildActionMask = 2147483647;
			files = (
			);
			runOnlyForDeploymentPostprocessing = 0;
		};
/* End PBXSourcesBuildPhase section */

/* Begin PBXTargetDependency section */
		1E84D7A62D88A9A400FEFD9C /* PBXTargetDependency */ = {
			isa = PBXTargetDependency;
			target = 1E84D7932D88A9A300FEFD9C /* MoviesSwiftUI */;
			targetProxy = 1E84D7A52D88A9A400FEFD9C /* PBXContainerItemProxy */;
		};
		1E84D7B02D88A9A400FEFD9C /* PBXTargetDependency */ = {
			isa = PBXTargetDependency;
			target = 1E84D7932D88A9A300FEFD9C /* MoviesSwiftUI */;
			targetProxy = 1E84D7AF2D88A9A400FEFD9C /* PBXContainerItemProxy */;
		};
/* End PBXTargetDependency section */

/* Begin XCBuildConfiguration section */
		1E84D7B62D88A9A400FEFD9C /* Debug */ = {
			isa = XCBuildConfiguration;
			buildSettings = {
				ALWAYS_SEARCH_USER_PATHS = NO;
				ASSETCATALOG_COMPILER_GENERATE_SWIFT_ASSET_SYMBOL_EXTENSIONS = YES;
				CLANG_ANALYZER_NONNULL = YES;
				CLANG_ANALYZER_NUMBER_OBJECT_CONVERSION = YES_AGGRESSIVE;
				CLANG_CXX_LANGUAGE_STANDARD = "gnu++20";
				CLANG_ENABLE_MODULES = YES;
				CLANG_ENABLE_OBJC_ARC = YES;
				CLANG_ENABLE_OBJC_WEAK = YES;
				CLANG_WARN_BLOCK_CAPTURE_AUTORELEASING = YES;
				CLANG_WARN_BOOL_CONVERSION = YES;
				CLANG_WARN_COMMA = YES;
				CLANG_WARN_CONSTANT_CONVERSION = YES;
				CLANG_WARN_DEPRECATED_OBJC_IMPLEMENTATIONS = YES;
				CLANG_WARN_DIRECT_OBJC_ISA_USAGE = YES_ERROR;
				CLANG_WARN_DOCUMENTATION_COMMENTS = YES;
				CLANG_WARN_EMPTY_BODY = YES;
				CLANG_WARN_ENUM_CONVERSION = YES;
				CLANG_WARN_INFINITE_RECURSION = YES;
				CLANG_WARN_INT_CONVERSION = YES;
				CLANG_WARN_NON_LITERAL_NULL_CONVERSION = YES;
				CLANG_WARN_OBJC_IMPLICIT_RETAIN_SELF = YES;
				CLANG_WARN_OBJC_LITERAL_CONVERSION = YES;
				CLANG_WARN_OBJC_ROOT_CLASS = YES_ERROR;
				CLANG_WARN_QUOTED_INCLUDE_IN_FRAMEWORK_HEADER = YES;
				CLANG_WARN_RANGE_LOOP_ANALYSIS = YES;
				CLANG_WARN_STRICT_PROTOTYPES = YES;
				CLANG_WARN_SUSPICIOUS_MOVE = YES;
				CLANG_WARN_UNGUARDED_AVAILABILITY = YES_AGGRESSIVE;
				CLANG_WARN_UNREACHABLE_CODE = YES;
				CLANG_WARN__DUPLICATE_METHOD_MATCH = YES;
				COPY_PHASE_STRIP = NO;
				DEBUG_INFORMATION_FORMAT = dwarf;
				ENABLE_STRICT_OBJC_MSGSEND = YES;
				ENABLE_TESTABILITY = YES;
				ENABLE_USER_SCRIPT_SANDBOXING = YES;
				GCC_C_LANGUAGE_STANDARD = gnu17;
				GCC_DYNAMIC_NO_PIC = NO;
				GCC_NO_COMMON_BLOCKS = YES;
				GCC_OPTIMIZATION_LEVEL = 0;
				GCC_PREPROCESSOR_DEFINITIONS = (
					"DEBUG=1",
					"$(inherited)",
				);
				GCC_WARN_64_TO_32_BIT_CONVERSION = YES;
				GCC_WARN_ABOUT_RETURN_TYPE = YES_ERROR;
				GCC_WARN_UNDECLARED_SELECTOR = YES;
				GCC_WARN_UNINITIALIZED_AUTOS = YES_AGGRESSIVE;
				GCC_WARN_UNUSED_FUNCTION = YES;
				GCC_WARN_UNUSED_VARIABLE = YES;
				IPHONEOS_DEPLOYMENT_TARGET = 18.1;
				LOCALIZATION_PREFERS_STRING_CATALOGS = YES;
				MTL_ENABLE_DEBUG_INFO = INCLUDE_SOURCE;
				MTL_FAST_MATH = YES;
				ONLY_ACTIVE_ARCH = YES;
				SDKROOT = iphoneos;
				SWIFT_ACTIVE_COMPILATION_CONDITIONS = "DEBUG $(inherited)";
				SWIFT_OPTIMIZATION_LEVEL = "-Onone";
			};
			name = Debug;
		};
		1E84D7B72D88A9A400FEFD9C /* Release */ = {
			isa = XCBuildConfiguration;
			buildSettings = {
				ALWAYS_SEARCH_USER_PATHS = NO;
				ASSETCATALOG_COMPILER_GENERATE_SWIFT_ASSET_SYMBOL_EXTENSIONS = YES;
				CLANG_ANALYZER_NONNULL = YES;
				CLANG_ANALYZER_NUMBER_OBJECT_CONVERSION = YES_AGGRESSIVE;
				CLANG_CXX_LANGUAGE_STANDARD = "gnu++20";
				CLANG_ENABLE_MODULES = YES;
				CLANG_ENABLE_OBJC_ARC = YES;
				CLANG_ENABLE_OBJC_WEAK = YES;
				CLANG_WARN_BLOCK_CAPTURE_AUTORELEASING = YES;
				CLANG_WARN_BOOL_CONVERSION = YES;
				CLANG_WARN_COMMA = YES;
				CLANG_WARN_CONSTANT_CONVERSION = YES;
				CLANG_WARN_DEPRECATED_OBJC_IMPLEMENTATIONS = YES;
				CLANG_WARN_DIRECT_OBJC_ISA_USAGE = YES_ERROR;
				CLANG_WARN_DOCUMENTATION_COMMENTS = YES;
				CLANG_WARN_EMPTY_BODY = YES;
				CLANG_WARN_ENUM_CONVERSION = YES;
				CLANG_WARN_INFINITE_RECURSION = YES;
				CLANG_WARN_INT_CONVERSION = YES;
				CLANG_WARN_NON_LITERAL_NULL_CONVERSION = YES;
				CLANG_WARN_OBJC_IMPLICIT_RETAIN_SELF = YES;
				CLANG_WARN_OBJC_LITERAL_CONVERSION = YES;
				CLANG_WARN_OBJC_ROOT_CLASS = YES_ERROR;
				CLANG_WARN_QUOTED_INCLUDE_IN_FRAMEWORK_HEADER = YES;
				CLANG_WARN_RANGE_LOOP_ANALYSIS = YES;
				CLANG_WARN_STRICT_PROTOTYPES = YES;
				CLANG_WARN_SUSPICIOUS_MOVE = YES;
				CLANG_WARN_UNGUARDED_AVAILABILITY = YES_AGGRESSIVE;
				CLANG_WARN_UNREACHABLE_CODE = YES;
				CLANG_WARN__DUPLICATE_METHOD_MATCH = YES;
				COPY_PHASE_STRIP = NO;
				DEBUG_INFORMATION_FORMAT = "dwarf-with-dsym";
				ENABLE_NS_ASSERTIONS = NO;
				ENABLE_STRICT_OBJC_MSGSEND = YES;
				ENABLE_USER_SCRIPT_SANDBOXING = YES;
				GCC_C_LANGUAGE_STANDARD = gnu17;
				GCC_NO_COMMON_BLOCKS = YES;
				GCC_WARN_64_TO_32_BIT_CONVERSION = YES;
				GCC_WARN_ABOUT_RETURN_TYPE = YES_ERROR;
				GCC_WARN_UNDECLARED_SELECTOR = YES;
				GCC_WARN_UNINITIALIZED_AUTOS = YES_AGGRESSIVE;
				GCC_WARN_UNUSED_FUNCTION = YES;
				GCC_WARN_UNUSED_VARIABLE = YES;
				IPHONEOS_DEPLOYMENT_TARGET = 18.1;
				LOCALIZATION_PREFERS_STRING_CATALOGS = YES;
				MTL_ENABLE_DEBUG_INFO = NO;
				MTL_FAST_MATH = YES;
				SDKROOT = iphoneos;
				SWIFT_COMPILATION_MODE = wholemodule;
				VALIDATE_PRODUCT = YES;
			};
			name = Release;
		};
		1E84D7B92D88A9A400FEFD9C /* Debug */ = {
			isa = XCBuildConfiguration;
			buildSettings = {
				ASSETCATALOG_COMPILER_APPICON_NAME = AppIcon;
				ASSETCATALOG_COMPILER_GLOBAL_ACCENT_COLOR_NAME = AccentColor;
				CODE_SIGN_STYLE = Automatic;
				CURRENT_PROJECT_VERSION = 1;
				DEVELOPMENT_ASSET_PATHS = "\"MoviesSwiftUI/Preview Content\"";
				ENABLE_PREVIEWS = YES;
				GENERATE_INFOPLIST_FILE = YES;
				INFOPLIST_KEY_CFBundleDisplayName = MoviesSwiftUI;
				INFOPLIST_KEY_UIApplicationSceneManifest_Generation = YES;
				INFOPLIST_KEY_UIApplicationSupportsIndirectInputEvents = YES;
				INFOPLIST_KEY_UILaunchScreen_Generation = YES;
				INFOPLIST_KEY_UISupportedInterfaceOrientations = UIInterfaceOrientationPortrait;
				INFOPLIST_KEY_UISupportedInterfaceOrientations_iPad = "UIInterfaceOrientationLandscapeLeft UIInterfaceOrientationLandscapeRight UIInterfaceOrientationPortrait UIInterfaceOrientationPortraitUpsideDown";
				LD_RUNPATH_SEARCH_PATHS = (
					"$(inherited)",
					"@executable_path/Frameworks",
				);
				MARKETING_VERSION = 1.0;
				PRODUCT_BUNDLE_IDENTIFIER = com.ogrodowskitomasz.MoviesSwiftUI;
				PRODUCT_NAME = "$(TARGET_NAME)";
				SUPPORTED_PLATFORMS = "iphoneos iphonesimulator";
				SUPPORTS_MACCATALYST = NO;
				SUPPORTS_MAC_DESIGNED_FOR_IPHONE_IPAD = NO;
				SUPPORTS_XR_DESIGNED_FOR_IPHONE_IPAD = NO;
				SWIFT_EMIT_LOC_STRINGS = YES;
				SWIFT_VERSION = 5.0;
				TARGETED_DEVICE_FAMILY = 1;
			};
			name = Debug;
		};
		1E84D7BA2D88A9A400FEFD9C /* Release */ = {
			isa = XCBuildConfiguration;
			buildSettings = {
				ASSETCATALOG_COMPILER_APPICON_NAME = AppIcon;
				ASSETCATALOG_COMPILER_GLOBAL_ACCENT_COLOR_NAME = AccentColor;
				CODE_SIGN_STYLE = Automatic;
				CURRENT_PROJECT_VERSION = 1;
				DEVELOPMENT_ASSET_PATHS = "\"MoviesSwiftUI/Preview Content\"";
				ENABLE_PREVIEWS = YES;
				GENERATE_INFOPLIST_FILE = YES;
				INFOPLIST_KEY_CFBundleDisplayName = MoviesSwiftUI;
				INFOPLIST_KEY_UIApplicationSceneManifest_Generation = YES;
				INFOPLIST_KEY_UIApplicationSupportsIndirectInputEvents = YES;
				INFOPLIST_KEY_UILaunchScreen_Generation = YES;
				INFOPLIST_KEY_UISupportedInterfaceOrientations = UIInterfaceOrientationPortrait;
				INFOPLIST_KEY_UISupportedInterfaceOrientations_iPad = "UIInterfaceOrientationLandscapeLeft UIInterfaceOrientationLandscapeRight UIInterfaceOrientationPortrait UIInterfaceOrientationPortraitUpsideDown";
				LD_RUNPATH_SEARCH_PATHS = (
					"$(inherited)",
					"@executable_path/Frameworks",
				);
				MARKETING_VERSION = 1.0;
				PRODUCT_BUNDLE_IDENTIFIER = com.ogrodowskitomasz.MoviesSwiftUI;
				PRODUCT_NAME = "$(TARGET_NAME)";
				SUPPORTED_PLATFORMS = "iphoneos iphonesimulator";
				SUPPORTS_MACCATALYST = NO;
				SUPPORTS_MAC_DESIGNED_FOR_IPHONE_IPAD = NO;
				SUPPORTS_XR_DESIGNED_FOR_IPHONE_IPAD = NO;
				SWIFT_EMIT_LOC_STRINGS = YES;
				SWIFT_VERSION = 5.0;
				TARGETED_DEVICE_FAMILY = 1;
			};
			name = Release;
		};
		1E84D7BC2D88A9A400FEFD9C /* Debug */ = {
			isa = XCBuildConfiguration;
			buildSettings = {
				BUNDLE_LOADER = "$(TEST_HOST)";
				CODE_SIGN_STYLE = Automatic;
				CURRENT_PROJECT_VERSION = 1;
				GENERATE_INFOPLIST_FILE = YES;
				IPHONEOS_DEPLOYMENT_TARGET = 18.1;
				MARKETING_VERSION = 1.0;
				PRODUCT_BUNDLE_IDENTIFIER = com.ogrodowskitomasz.MoviesSwiftUITests;
				PRODUCT_NAME = "$(TARGET_NAME)";
				SWIFT_EMIT_LOC_STRINGS = NO;
				SWIFT_VERSION = 5.0;
				TARGETED_DEVICE_FAMILY = "1,2";
				TEST_HOST = "$(BUILT_PRODUCTS_DIR)/MoviesSwiftUI.app/$(BUNDLE_EXECUTABLE_FOLDER_PATH)/MoviesSwiftUI";
			};
			name = Debug;
		};
		1E84D7BD2D88A9A400FEFD9C /* Release */ = {
			isa = XCBuildConfiguration;
			buildSettings = {
				BUNDLE_LOADER = "$(TEST_HOST)";
				CODE_SIGN_STYLE = Automatic;
				CURRENT_PROJECT_VERSION = 1;
				GENERATE_INFOPLIST_FILE = YES;
				IPHONEOS_DEPLOYMENT_TARGET = 18.1;
				MARKETING_VERSION = 1.0;
				PRODUCT_BUNDLE_IDENTIFIER = com.ogrodowskitomasz.MoviesSwiftUITests;
				PRODUCT_NAME = "$(TARGET_NAME)";
				SWIFT_EMIT_LOC_STRINGS = NO;
				SWIFT_VERSION = 5.0;
				TARGETED_DEVICE_FAMILY = "1,2";
				TEST_HOST = "$(BUILT_PRODUCTS_DIR)/MoviesSwiftUI.app/$(BUNDLE_EXECUTABLE_FOLDER_PATH)/MoviesSwiftUI";
			};
			name = Release;
		};
		1E84D7BF2D88A9A400FEFD9C /* Debug */ = {
			isa = XCBuildConfiguration;
			buildSettings = {
				CODE_SIGN_STYLE = Automatic;
				CURRENT_PROJECT_VERSION = 1;
				GENERATE_INFOPLIST_FILE = YES;
				MARKETING_VERSION = 1.0;
				PRODUCT_BUNDLE_IDENTIFIER = com.ogrodowskitomasz.MoviesSwiftUIUITests;
				PRODUCT_NAME = "$(TARGET_NAME)";
				SWIFT_EMIT_LOC_STRINGS = NO;
				SWIFT_VERSION = 5.0;
				TARGETED_DEVICE_FAMILY = "1,2";
				TEST_TARGET_NAME = MoviesSwiftUI;
			};
			name = Debug;
		};
		1E84D7C02D88A9A400FEFD9C /* Release */ = {
			isa = XCBuildConfiguration;
			buildSettings = {
				CODE_SIGN_STYLE = Automatic;
				CURRENT_PROJECT_VERSION = 1;
				GENERATE_INFOPLIST_FILE = YES;
				MARKETING_VERSION = 1.0;
				PRODUCT_BUNDLE_IDENTIFIER = com.ogrodowskitomasz.MoviesSwiftUIUITests;
				PRODUCT_NAME = "$(TARGET_NAME)";
				SWIFT_EMIT_LOC_STRINGS = NO;
				SWIFT_VERSION = 5.0;
				TARGETED_DEVICE_FAMILY = "1,2";
				TEST_TARGET_NAME = MoviesSwiftUI;
			};
			name = Release;
		};
/* End XCBuildConfiguration section */

/* Begin XCConfigurationList section */
		1E84D78F2D88A9A300FEFD9C /* Build configuration list for PBXProject "MoviesSwiftUI" */ = {
			isa = XCConfigurationList;
			buildConfigurations = (
				1E84D7B62D88A9A400FEFD9C /* Debug */,
				1E84D7B72D88A9A400FEFD9C /* Release */,
			);
			defaultConfigurationIsVisible = 0;
			defaultConfigurationName = Release;
		};
		1E84D7B82D88A9A400FEFD9C /* Build configuration list for PBXNativeTarget "MoviesSwiftUI" */ = {
			isa = XCConfigurationList;
			buildConfigurations = (
				1E84D7B92D88A9A400FEFD9C /* Debug */,
				1E84D7BA2D88A9A400FEFD9C /* Release */,
			);
			defaultConfigurationIsVisible = 0;
			defaultConfigurationName = Release;
		};
		1E84D7BB2D88A9A400FEFD9C /* Build configuration list for PBXNativeTarget "MoviesSwiftUITests" */ = {
			isa = XCConfigurationList;
			buildConfigurations = (
				1E84D7BC2D88A9A400FEFD9C /* Debug */,
				1E84D7BD2D88A9A400FEFD9C /* Release */,
			);
			defaultConfigurationIsVisible = 0;
			defaultConfigurationName = Release;
		};
		1E84D7BE2D88A9A400FEFD9C /* Build configuration list for PBXNativeTarget "MoviesSwiftUIUITests" */ = {
			isa = XCConfigurationList;
			buildConfigurations = (
				1E84D7BF2D88A9A400FEFD9C /* Debug */,
				1E84D7C02D88A9A400FEFD9C /* Release */,
			);
			defaultConfigurationIsVisible = 0;
			defaultConfigurationName = Release;
		};
/* End XCConfigurationList section */

/* Begin XCRemoteSwiftPackageReference section */
		1E2755F82D96A922009F9156 /* XCRemoteSwiftPackageReference "firebase-ios-sdk" */ = {
			isa = XCRemoteSwiftPackageReference;
			repositoryURL = "https://github.com/firebase/firebase-ios-sdk";
			requirement = {
				kind = upToNextMajorVersion;
				minimumVersion = 11.10.0;
			};
		};
/* End XCRemoteSwiftPackageReference section */

/* Begin XCSwiftPackageProductDependency section */
		1E2755F92D96A922009F9156 /* FirebaseAnalytics */ = {
			isa = XCSwiftPackageProductDependency;
			package = 1E2755F82D96A922009F9156 /* XCRemoteSwiftPackageReference "firebase-ios-sdk" */;
			productName = FirebaseAnalytics;
		};
		1E2755FB2D96A922009F9156 /* FirebaseAuth */ = {
			isa = XCSwiftPackageProductDependency;
			package = 1E2755F82D96A922009F9156 /* XCRemoteSwiftPackageReference "firebase-ios-sdk" */;
			productName = FirebaseAuth;
		};
		1E2755FD2D96A922009F9156 /* FirebaseCore */ = {
			isa = XCSwiftPackageProductDependency;
			package = 1E2755F82D96A922009F9156 /* XCRemoteSwiftPackageReference "firebase-ios-sdk" */;
			productName = FirebaseCore;
		};
		1E2756372D96AB4A009F9156 /* FirebaseFirestore */ = {
			isa = XCSwiftPackageProductDependency;
			package = 1E2755F82D96A922009F9156 /* XCRemoteSwiftPackageReference "firebase-ios-sdk" */;
			productName = FirebaseFirestore;
		};
/* End XCSwiftPackageProductDependency section */
	};
	rootObject = 1E84D78C2D88A9A300FEFD9C /* Project object */;
}
